Microsoft Visual Studio Solution File, Format Version 7.00
Project("{FAE04EC0-301F-11D3-BF4B-00C04F79EFBC}") = "UdpChat", "UdpChat.csproj", "{6CF4FF3E-3E0F-4D1C-88F7-5CFBD1D3A639}"
EndProject
Global
	GlobalSection(SolutionConfiguration) = preSolution
		ConfigName.0 = Debug
		ConfigName.1 = Release
	EndGlobalSection
	GlobalSection(ProjectDependencies) = postSolution
	EndGlobalSection
	GlobalSection(ProjectConfiguration) = postSolution
		{6CF4FF3E-3E0F-4D1C-88F7-5CFBD1D3A639}.Debug.ActiveCfg = Debug|.NET
		{6CF4FF3E-3E0F-4D1C-88F7-5CFBD1D3A639}.Debug.Build.0 = Debug|.NET
		{6CF4FF3E-3E0F-4D1C-88F7-5CFBD1D3A639}.Release.ActiveCfg = Release|.NET
		{6CF4FF3E-3E0F-4D1C-88F7-5CFBD1D3A639}.Release.Build.0 = Release|.NET
	EndGlobalSection
	GlobalSection(ExtensibilityGlobals) = postSolution
	EndGlobalSection
	GlobalSection(ExtensibilityAddIns) = postSolution
	EndGlobalSection
EndGlobal
