Microsoft Visual Studio Solution File, Format Version 7.00
Project("{FAE04EC0-301F-11D3-BF4B-00C04F79EFBC}") = "MailClient", "MailClient.csproj", "{46B04B86-A38C-452D-AF7E-B3EBA20B6BB1}"
EndProject
Global
	GlobalSection(SolutionConfiguration) = preSolution
		ConfigName.0 = Debug
		ConfigName.1 = Release
	EndGlobalSection
	GlobalSection(ProjectDependencies) = postSolution
	EndGlobalSection
	GlobalSection(ProjectConfiguration) = postSolution
		{46B04B86-A38C-452D-AF7E-B3EBA20B6BB1}.Debug.ActiveCfg = Debug|.NET
		{46B04B86-A38C-452D-AF7E-B3EBA20B6BB1}.Debug.Build.0 = Debug|.NET
		{46B04B86-A38C-452D-AF7E-B3EBA20B6BB1}.Release.ActiveCfg = Release|.NET
		{46B04B86-A38C-452D-AF7E-B3EBA20B6BB1}.Release.Build.0 = Release|.NET
	EndGlobalSection
	GlobalSection(ExtensibilityGlobals) = postSolution
	EndGlobalSection
	GlobalSection(ExtensibilityAddIns) = postSolution
	EndGlobalSection
EndGlobal
